{
  "nodes": {
    "nix-software-center": {
      "inputs": {
        "nixpkgs": [
          "nixpkgs"
        ],
        "utils": "utils"
      },
      "locked": {
        "lastModified": 1664207666,
        "narHash": "sha256-ZEbaZqGaHXBB+UcU/NPv7TuKSCxgo531YK6qToRizhM=",
        "owner": "vlinkz",
        "repo": "nix-software-center",
        "rev": "4885808331e9d6e828f6bbcb7fa1920955ef6fbc",
        "type": "github"
      },
      "original": {
        "owner": "vlinkz",
        "repo": "nix-software-center",
        "type": "github"
      }
    },
    "nixpkgs": {
      "locked": {
        "lastModified": 1664195620,
        "narHash": "sha256-/0V1a1gAR+QbiQe4aCxBoivhkxss0xyt2mBD6yDrgjw=",
        "owner": "NixOS",
        "repo": "nixpkgs",
        "rev": "62228ccc672ed000f35b1e5c82e4183e46767e52",
        "type": "github"
      },
      "original": {
        "owner": "NixOS",
        "ref": "nixos-unstable",
        "repo": "nixpkgs",
        "type": "github"
      }
    },
    "os-installer": {
      "inputs": {
        "nixpkgs": [
          "nixpkgs"
        ],
        "os-installer-snowflake-config": "os-installer-snowflake-config",
        "os-installer-src": "os-installer-src",
        "utils": "utils_3",
        "vte-src": "vte-src"
      },
      "locked": {
        "lastModified": 1664251383,
        "narHash": "sha256-EfxM9N800DGTmo8XiIpyIXy5VkqIHXfxwJ9fqBACmiM=",
        "owner": "snowflakelinux",
        "repo": "os-installer-nix",
        "rev": "7b014fc4d0ffdc08d9d9680a51d6d55a061d1913",
        "type": "github"
      },
      "original": {
        "owner": "snowflakelinux",
        "repo": "os-installer-nix",
        "type": "github"
      }
    },
    "os-installer-snowflake-config": {
      "inputs": {
        "nixpkgs": [
          "os-installer",
          "nixpkgs"
        ],
        "utils": "utils_2"
      },
      "locked": {
        "lastModified": 1664247525,
        "narHash": "sha256-yDcR+y3U0b/lw9OnjPKBeBqp5+74LTOWQL93SeyMKvg=",
        "owner": "snowflakelinux",
        "repo": "os-installer-snowflake-config",
        "rev": "818fc3924b574c43248ad90925da303bf1231114",
        "type": "github"
      },
      "original": {
        "owner": "snowflakelinux",
        "repo": "os-installer-snowflake-config",
        "type": "github"
      }
    },
    "os-installer-src": {
      "flake": false,
      "locked": {
        "lastModified": 1664058278,
        "narHash": "sha256-Xq3V1xZi83OPa6UGO+gkyYHDNztJkWFaXoZpH2csIk4=",
        "ref": "refs/heads/main",
        "rev": "7d5c343d16162f254de962abc942f080f888a122",
        "revCount": 629,
        "type": "git",
        "url": "https://gitlab.gnome.org/p3732/os-installer"
      },
      "original": {
        "type": "git",
        "url": "https://gitlab.gnome.org/p3732/os-installer"
      }
    },
    "root": {
      "inputs": {
        "nix-software-center": "nix-software-center",
        "nixpkgs": "nixpkgs",
        "os-installer": "os-installer",
        "snowflake": "snowflake",
        "utils": "utils_4"
      }
    },
    "snowflake": {
      "inputs": {
        "nixpkgs": [
          "nixpkgs"
        ]
      },
      "locked": {
        "lastModified": 1663520261,
        "narHash": "sha256-N7x+ExspyULgXr1nt3Zd2wUziKG9WBpL0+5JfnxKnNY=",
        "owner": "snowflakelinux",
        "repo": "snowflake-modules",
        "rev": "87f570b4c7a9a5be80ff6444a9b2ca0f94ecb943",
        "type": "github"
      },
      "original": {
        "owner": "snowflakelinux",
        "repo": "snowflake-modules",
        "type": "github"
      }
    },
    "utils": {
      "locked": {
        "lastModified": 1659877975,
        "narHash": "sha256-zllb8aq3YO3h8B/U0/J1WBgAL8EX5yWf5pMj3G0NAmc=",
        "owner": "numtide",
        "repo": "flake-utils",
        "rev": "c0e246b9b83f637f4681389ecabcb2681b4f3af0",
        "type": "github"
      },
      "original": {
        "owner": "numtide",
        "repo": "flake-utils",
        "type": "github"
      }
    },
    "utils_2": {
      "locked": {
        "lastModified": 1659877975,
        "narHash": "sha256-zllb8aq3YO3h8B/U0/J1WBgAL8EX5yWf5pMj3G0NAmc=",
        "owner": "numtide",
        "repo": "flake-utils",
        "rev": "c0e246b9b83f637f4681389ecabcb2681b4f3af0",
        "type": "github"
      },
      "original": {
        "owner": "numtide",
        "repo": "flake-utils",
        "type": "github"
      }
    },
    "utils_3": {
      "locked": {
        "lastModified": 1659877975,
        "narHash": "sha256-zllb8aq3YO3h8B/U0/J1WBgAL8EX5yWf5pMj3G0NAmc=",
        "owner": "numtide",
        "repo": "flake-utils",
        "rev": "c0e246b9b83f637f4681389ecabcb2681b4f3af0",
        "type": "github"
      },
      "original": {
        "owner": "numtide",
        "repo": "flake-utils",
        "type": "github"
      }
    },
    "utils_4": {
      "locked": {
        "lastModified": 1659877975,
        "narHash": "sha256-zllb8aq3YO3h8B/U0/J1WBgAL8EX5yWf5pMj3G0NAmc=",
        "owner": "numtide",
        "repo": "flake-utils",
        "rev": "c0e246b9b83f637f4681389ecabcb2681b4f3af0",
        "type": "github"
      },
      "original": {
        "owner": "numtide",
        "repo": "flake-utils",
        "type": "github"
      }
    },
    "vte-src": {
      "flake": false,
      "locked": {
        "lastModified": 1663943097,
        "narHash": "sha256-5uVPGjfjNGaLGhkzcMkSYsoTCaCETdJcEv3yerOJork=",
        "ref": "master",
        "rev": "8ef3f6b2f8043d28cbc82520eb094f09333b26ae",
        "revCount": 5222,
        "type": "git",
        "url": "https://gitlab.gnome.org/gnome/vte"
      },
      "original": {
        "ref": "master",
        "type": "git",
        "url": "https://gitlab.gnome.org/gnome/vte"
      }
    }
  },
  "root": "root",
  "version": 7
}
