{
  "nodes": {
    "calamares-snowflakeos-extensions": {
      "inputs": {
        "nixpkgs": [
          "nixpkgs"
        ],
        "utils": "utils"
      },
      "locked": {
        "lastModified": 1663598911,
        "narHash": "sha256-+lXtk3HzAvJmfmOQghwUbY0U9SB6hd1EdMIyMYO9xbs=",
        "owner": "snowflakelinux",
        "repo": "calamares-snowflakeos-extensions",
        "rev": "7676db68e3e89abde54d912cf5b0a64594e74b7a",
        "type": "github"
      },
      "original": {
        "owner": "snowflakelinux",
        "repo": "calamares-snowflakeos-extensions",
        "type": "github"
      }
    },
    "nixpkgs": {
      "locked": {
        "lastModified": 1663522677,
        "narHash": "sha256-NvnszJjOAvdhRflcgAO5Zyp4vWPijvZQqKWrBYbarVk=",
        "owner": "vlinkz",
        "repo": "nixpkgs",
        "rev": "40bf766dcc03eee4d147920c85e1cdc986e21f40",
        "type": "github"
      },
      "original": {
        "owner": "vlinkz",
        "ref": "kpmcorefix",
        "repo": "nixpkgs",
        "type": "github"
      }
    },
    "nixpkgs_2": {
      "locked": {
        "lastModified": 1663494472,
        "narHash": "sha256-fSowlaoXXWcAM8m9wA6u+eTJJtvruYHMA+Lb/tFi/qM=",
        "owner": "NixOS",
        "repo": "nixpkgs",
        "rev": "f677051b8dc0b5e2a9348941c99eea8c4b0ff28f",
        "type": "github"
      },
      "original": {
        "owner": "NixOS",
        "ref": "nixos-unstable",
        "repo": "nixpkgs",
        "type": "github"
      }
    },
    "nixpkgs_3": {
      "locked": {
        "lastModified": 1663494472,
        "narHash": "sha256-fSowlaoXXWcAM8m9wA6u+eTJJtvruYHMA+Lb/tFi/qM=",
        "owner": "NixOS",
        "repo": "nixpkgs",
        "rev": "f677051b8dc0b5e2a9348941c99eea8c4b0ff28f",
        "type": "github"
      },
      "original": {
        "owner": "NixOS",
        "ref": "nixos-unstable",
        "repo": "nixpkgs",
        "type": "github"
      }
    },
    "os-installer": {
      "inputs": {
        "nixpkgs": "nixpkgs_2",
        "os-installer-snowflake-config": "os-installer-snowflake-config",
        "os-installer-src": "os-installer-src",
        "utils": "utils_3",
        "vte-src": "vte-src"
      },
      "locked": {
        "lastModified": 1663626760,
        "narHash": "sha256-71ESM7YqaBr/2l81wrDuWyUWNrBYx/oVLSIlsk462B0=",
        "owner": "snowflakelinux",
        "repo": "os-installer-nix",
        "rev": "67cfc7ebf36531167b1a33c0fb2fac29b032c366",
        "type": "github"
      },
      "original": {
        "owner": "snowflakelinux",
        "repo": "os-installer-nix",
        "type": "github"
      }
    },
    "os-installer-snowflake-config": {
      "inputs": {
        "nixpkgs": "nixpkgs_3",
        "utils": "utils_2"
      },
      "locked": {
        "lastModified": 1663626677,
        "narHash": "sha256-gUNLanPx5g38J98jLKOGEwZ21Z7X2cduunXeDrVm0n4=",
        "owner": "snowflakelinux",
        "repo": "os-installer-snowflake-config",
        "rev": "f86351a2678aba499d6429b07766f2ac617287ef",
        "type": "github"
      },
      "original": {
        "owner": "snowflakelinux",
        "repo": "os-installer-snowflake-config",
        "type": "github"
      }
    },
    "os-installer-src": {
      "flake": false,
      "locked": {
        "lastModified": 1663615083,
        "narHash": "sha256-3wEeRtc33EekRE+unYdxH88g5b7bCGKR0C2E0Mtguyo=",
        "ref": "refs/heads/main",
        "rev": "c2584534d47c8465111bec79792595efe5c7bc44",
        "revCount": 606,
        "type": "git",
        "url": "https://gitlab.gnome.org/p3732/os-installer"
      },
      "original": {
        "type": "git",
        "url": "https://gitlab.gnome.org/p3732/os-installer"
      }
    },
    "root": {
      "inputs": {
        "calamares-snowflakeos-extensions": "calamares-snowflakeos-extensions",
        "nixpkgs": "nixpkgs",
        "os-installer": "os-installer",
        "snowflake": "snowflake",
        "utils": "utils_4"
      }
    },
    "snowflake": {
      "inputs": {
        "nixpkgs": [
          "nixpkgs"
        ]
      },
      "locked": {
        "lastModified": 1663520261,
        "narHash": "sha256-N7x+ExspyULgXr1nt3Zd2wUziKG9WBpL0+5JfnxKnNY=",
        "owner": "snowflakelinux",
        "repo": "snowflake-modules",
        "rev": "87f570b4c7a9a5be80ff6444a9b2ca0f94ecb943",
        "type": "github"
      },
      "original": {
        "owner": "snowflakelinux",
        "repo": "snowflake-modules",
        "type": "github"
      }
    },
    "utils": {
      "locked": {
        "lastModified": 1659877975,
        "narHash": "sha256-zllb8aq3YO3h8B/U0/J1WBgAL8EX5yWf5pMj3G0NAmc=",
        "owner": "numtide",
        "repo": "flake-utils",
        "rev": "c0e246b9b83f637f4681389ecabcb2681b4f3af0",
        "type": "github"
      },
      "original": {
        "owner": "numtide",
        "repo": "flake-utils",
        "type": "github"
      }
    },
    "utils_2": {
      "locked": {
        "lastModified": 1659877975,
        "narHash": "sha256-zllb8aq3YO3h8B/U0/J1WBgAL8EX5yWf5pMj3G0NAmc=",
        "owner": "numtide",
        "repo": "flake-utils",
        "rev": "c0e246b9b83f637f4681389ecabcb2681b4f3af0",
        "type": "github"
      },
      "original": {
        "owner": "numtide",
        "repo": "flake-utils",
        "type": "github"
      }
    },
    "utils_3": {
      "locked": {
        "lastModified": 1659877975,
        "narHash": "sha256-zllb8aq3YO3h8B/U0/J1WBgAL8EX5yWf5pMj3G0NAmc=",
        "owner": "numtide",
        "repo": "flake-utils",
        "rev": "c0e246b9b83f637f4681389ecabcb2681b4f3af0",
        "type": "github"
      },
      "original": {
        "owner": "numtide",
        "repo": "flake-utils",
        "type": "github"
      }
    },
    "utils_4": {
      "locked": {
        "lastModified": 1659877975,
        "narHash": "sha256-zllb8aq3YO3h8B/U0/J1WBgAL8EX5yWf5pMj3G0NAmc=",
        "owner": "numtide",
        "repo": "flake-utils",
        "rev": "c0e246b9b83f637f4681389ecabcb2681b4f3af0",
        "type": "github"
      },
      "original": {
        "owner": "numtide",
        "repo": "flake-utils",
        "type": "github"
      }
    },
    "vte-src": {
      "flake": false,
      "locked": {
        "lastModified": 1663514498,
        "narHash": "sha256-ZE0t/w0nUkIRPUI+N1zrx0LQOPmQoT74w74pLdbUhZ0=",
        "ref": "master",
        "rev": "9dbae321af881924b5cae245b3d956497e088437",
        "revCount": 5217,
        "type": "git",
        "url": "https://gitlab.gnome.org/gnome/vte"
      },
      "original": {
        "ref": "master",
        "type": "git",
        "url": "https://gitlab.gnome.org/gnome/vte"
      }
    }
  },
  "root": "root",
  "version": 7
}
